
Microsoft Visual Studio Solution File, Format Version 12.00
# Visual Studio Version 17
VisualStudioVersion = 17.4.33103.184
MinimumVisualStudioVersion = 10.0.40219.1
Project("{FAE04EC0-301F-11D3-BF4B-00C04F79EFBC}") = "BRDF_energy_tester", "BRDF_energy_tester.csproj", "{35C98EE4-61DB-4682-870F-AD0F6FD66366}"
EndProject
Global
	GlobalSection(SolutionConfigurationPlatforms) = preSolution
		Debug|Any CPU = Debug|Any CPU
		Release|Any CPU = Release|Any CPU
	EndGlobalSection
	GlobalSection(ProjectConfigurationPlatforms) = postSolution
		{35C98EE4-61DB-4682-870F-AD0F6FD66366}.Debug|Any CPU.ActiveCfg = Debug|Any CPU
		{35C98EE4-61DB-4682-870F-AD0F6FD66366}.Debug|Any CPU.Build.0 = Debug|Any CPU
		{35C98EE4-61DB-4682-870F-AD0F6FD66366}.Release|Any CPU.ActiveCfg = Release|Any CPU
		{35C98EE4-61DB-4682-870F-AD0F6FD66366}.Release|Any CPU.Build.0 = Release|Any CPU
	EndGlobalSection
	GlobalSection(SolutionProperties) = preSolution
		HideSolutionNode = FALSE
	EndGlobalSection
	GlobalSection(ExtensibilityGlobals) = postSolution
		SolutionGuid = {966C78DF-0EE7-4400-B581-5F908ABD286A}
	EndGlobalSection
EndGlobal
